
Microsoft Visual Studio Solution File, Format Version 12.00
# Visual Studio Version 16
VisualStudioVersion = 16.0.29411.108
MinimumVisualStudioVersion = 10.0.40219.1
Project("{F184B08F-C81C-45F6-A57F-5ABD9991F28F}") = "FrameWork", "FrameWork2\FrameWork.vbproj", "{8A96CFB8-5FCE-4159-9117-F55F7FBD6BFC}"
EndProject
Project("{F184B08F-C81C-45F6-A57F-5ABD9991F28F}") = "WebApi", "Webapi\WebApi.vbproj", "{34C38DF7-611F-4606-9DD1-6FA241AB65C1}"
EndProject
Project("{F184B08F-C81C-45F6-A57F-5ABD9991F28F}") = "BusinessLogic", "Business Logic\BusinessLogic.vbproj", "{C74790D7-6458-48F2-AAF9-1B3EEDBD3858}"
EndProject
Project("{F184B08F-C81C-45F6-A57F-5ABD9991F28F}") = "Desktop Test", "Desktop Test\Desktop Test\Desktop Test.vbproj", "{41BC2E7C-BF79-4CC2-97F4-C37E40D2E8AB}"
EndProject
Project("{F184B08F-C81C-45F6-A57F-5ABD9991F28F}") = "Console test", "Console Test\Console test\Console test.vbproj", "{84AEE4CB-07BA-46E8-A0B5-A364FB19C734}"
EndProject
Project("{F184B08F-C81C-45F6-A57F-5ABD9991F28F}") = "Web Test", "Web Test\Web Test.vbproj", "{CD8E53D2-B177-494B-AE08-1CEEF98E43D7}"
EndProject
Project("{F184B08F-C81C-45F6-A57F-5ABD9991F28F}") = "Unit Test", "Unit Test\Unit Test.vbproj", "{B96E5C62-085D-4CB6-A2FB-0EA0682D1384}"
EndProject
Project("{2150E333-8FDC-42A3-9474-1A3956D46DE8}") = "Proyecto", "Proyecto", "{3A2EB67F-B9D3-4533-B495-7A5A3A7E44C6}"
EndProject
Project("{F184B08F-C81C-45F6-A57F-5ABD9991F28F}") = "Test Services", "Code Test\Test Services.vbproj", "{89AFB962-08FA-40E9-86B0-6E42F4AA91E4}"
EndProject
Project("{2150E333-8FDC-42A3-9474-1A3956D46DE8}") = "Testing", "Testing", "{0BEF7C40-1DA7-4E04-8788-C06EC45060A0}"
EndProject
Global
	GlobalSection(SolutionConfigurationPlatforms) = preSolution
		Debug|Any CPU = Debug|Any CPU
		Debug|x64 = Debug|x64
		Debug|x86 = Debug|x86
		Release|Any CPU = Release|Any CPU
		Release|x64 = Release|x64
		Release|x86 = Release|x86
	EndGlobalSection
	GlobalSection(ProjectConfigurationPlatforms) = postSolution
		{8A96CFB8-5FCE-4159-9117-F55F7FBD6BFC}.Debug|Any CPU.ActiveCfg = Debug|Any CPU
		{8A96CFB8-5FCE-4159-9117-F55F7FBD6BFC}.Debug|Any CPU.Build.0 = Debug|Any CPU
		{8A96CFB8-5FCE-4159-9117-F55F7FBD6BFC}.Debug|x64.ActiveCfg = Debug|x86
		{8A96CFB8-5FCE-4159-9117-F55F7FBD6BFC}.Debug|x64.Build.0 = Debug|x86
		{8A96CFB8-5FCE-4159-9117-F55F7FBD6BFC}.Debug|x86.ActiveCfg = Debug|x86
		{8A96CFB8-5FCE-4159-9117-F55F7FBD6BFC}.Debug|x86.Build.0 = Debug|x86
		{8A96CFB8-5FCE-4159-9117-F55F7FBD6BFC}.Release|Any CPU.ActiveCfg = Release|Any CPU
		{8A96CFB8-5FCE-4159-9117-F55F7FBD6BFC}.Release|Any CPU.Build.0 = Release|Any CPU
		{8A96CFB8-5FCE-4159-9117-F55F7FBD6BFC}.Release|x64.ActiveCfg = Release|x64
		{8A96CFB8-5FCE-4159-9117-F55F7FBD6BFC}.Release|x64.Build.0 = Release|x64
		{8A96CFB8-5FCE-4159-9117-F55F7FBD6BFC}.Release|x86.ActiveCfg = Release|x86
		{8A96CFB8-5FCE-4159-9117-F55F7FBD6BFC}.Release|x86.Build.0 = Release|x86
		{34C38DF7-611F-4606-9DD1-6FA241AB65C1}.Debug|Any CPU.ActiveCfg = Debug|Any CPU
		{34C38DF7-611F-4606-9DD1-6FA241AB65C1}.Debug|Any CPU.Build.0 = Debug|Any CPU
		{34C38DF7-611F-4606-9DD1-6FA241AB65C1}.Debug|x64.ActiveCfg = Debug|Any CPU
		{34C38DF7-611F-4606-9DD1-6FA241AB65C1}.Debug|x86.ActiveCfg = Debug|Any CPU
		{34C38DF7-611F-4606-9DD1-6FA241AB65C1}.Release|Any CPU.ActiveCfg = Release|Any CPU
		{34C38DF7-611F-4606-9DD1-6FA241AB65C1}.Release|Any CPU.Build.0 = Release|Any CPU
		{34C38DF7-611F-4606-9DD1-6FA241AB65C1}.Release|x64.ActiveCfg = Release|Any CPU
		{34C38DF7-611F-4606-9DD1-6FA241AB65C1}.Release|x86.ActiveCfg = Release|Any CPU
		{C74790D7-6458-48F2-AAF9-1B3EEDBD3858}.Debug|Any CPU.ActiveCfg = Debug|Any CPU
		{C74790D7-6458-48F2-AAF9-1B3EEDBD3858}.Debug|Any CPU.Build.0 = Debug|Any CPU
		{C74790D7-6458-48F2-AAF9-1B3EEDBD3858}.Debug|x64.ActiveCfg = Debug|x86
		{C74790D7-6458-48F2-AAF9-1B3EEDBD3858}.Debug|x64.Build.0 = Debug|x86
		{C74790D7-6458-48F2-AAF9-1B3EEDBD3858}.Debug|x86.ActiveCfg = Debug|x86
		{C74790D7-6458-48F2-AAF9-1B3EEDBD3858}.Debug|x86.Build.0 = Debug|x86
		{C74790D7-6458-48F2-AAF9-1B3EEDBD3858}.Release|Any CPU.ActiveCfg = Release|Any CPU
		{C74790D7-6458-48F2-AAF9-1B3EEDBD3858}.Release|Any CPU.Build.0 = Release|Any CPU
		{C74790D7-6458-48F2-AAF9-1B3EEDBD3858}.Release|x64.ActiveCfg = Release|x64
		{C74790D7-6458-48F2-AAF9-1B3EEDBD3858}.Release|x64.Build.0 = Release|x64
		{C74790D7-6458-48F2-AAF9-1B3EEDBD3858}.Release|x86.ActiveCfg = Release|x86
		{C74790D7-6458-48F2-AAF9-1B3EEDBD3858}.Release|x86.Build.0 = Release|x86
		{41BC2E7C-BF79-4CC2-97F4-C37E40D2E8AB}.Debug|Any CPU.ActiveCfg = Debug|Any CPU
		{41BC2E7C-BF79-4CC2-97F4-C37E40D2E8AB}.Debug|Any CPU.Build.0 = Debug|Any CPU
		{41BC2E7C-BF79-4CC2-97F4-C37E40D2E8AB}.Debug|x64.ActiveCfg = Debug|x86
		{41BC2E7C-BF79-4CC2-97F4-C37E40D2E8AB}.Debug|x64.Build.0 = Debug|x86
		{41BC2E7C-BF79-4CC2-97F4-C37E40D2E8AB}.Debug|x86.ActiveCfg = Debug|x86
		{41BC2E7C-BF79-4CC2-97F4-C37E40D2E8AB}.Debug|x86.Build.0 = Debug|x86
		{41BC2E7C-BF79-4CC2-97F4-C37E40D2E8AB}.Release|Any CPU.ActiveCfg = Release|Any CPU
		{41BC2E7C-BF79-4CC2-97F4-C37E40D2E8AB}.Release|Any CPU.Build.0 = Release|Any CPU
		{41BC2E7C-BF79-4CC2-97F4-C37E40D2E8AB}.Release|x64.ActiveCfg = Release|x64
		{41BC2E7C-BF79-4CC2-97F4-C37E40D2E8AB}.Release|x64.Build.0 = Release|x64
		{41BC2E7C-BF79-4CC2-97F4-C37E40D2E8AB}.Release|x86.ActiveCfg = Release|x86
		{41BC2E7C-BF79-4CC2-97F4-C37E40D2E8AB}.Release|x86.Build.0 = Release|x86
		{84AEE4CB-07BA-46E8-A0B5-A364FB19C734}.Debug|Any CPU.ActiveCfg = Debug|Any CPU
		{84AEE4CB-07BA-46E8-A0B5-A364FB19C734}.Debug|Any CPU.Build.0 = Debug|Any CPU
		{84AEE4CB-07BA-46E8-A0B5-A364FB19C734}.Debug|x64.ActiveCfg = Debug|x86
		{84AEE4CB-07BA-46E8-A0B5-A364FB19C734}.Debug|x64.Build.0 = Debug|x86
		{84AEE4CB-07BA-46E8-A0B5-A364FB19C734}.Debug|x86.ActiveCfg = Debug|x86
		{84AEE4CB-07BA-46E8-A0B5-A364FB19C734}.Release|Any CPU.ActiveCfg = Release|Any CPU
		{84AEE4CB-07BA-46E8-A0B5-A364FB19C734}.Release|Any CPU.Build.0 = Release|Any CPU
		{84AEE4CB-07BA-46E8-A0B5-A364FB19C734}.Release|x64.ActiveCfg = Release|x64
		{84AEE4CB-07BA-46E8-A0B5-A364FB19C734}.Release|x64.Build.0 = Release|x64
		{84AEE4CB-07BA-46E8-A0B5-A364FB19C734}.Release|x86.ActiveCfg = Release|x86
		{CD8E53D2-B177-494B-AE08-1CEEF98E43D7}.Debug|Any CPU.ActiveCfg = Debug|Any CPU
		{CD8E53D2-B177-494B-AE08-1CEEF98E43D7}.Debug|Any CPU.Build.0 = Debug|Any CPU
		{CD8E53D2-B177-494B-AE08-1CEEF98E43D7}.Debug|x64.ActiveCfg = Debug|Any CPU
		{CD8E53D2-B177-494B-AE08-1CEEF98E43D7}.Debug|x86.ActiveCfg = Debug|Any CPU
		{CD8E53D2-B177-494B-AE08-1CEEF98E43D7}.Release|Any CPU.ActiveCfg = Release|Any CPU
		{CD8E53D2-B177-494B-AE08-1CEEF98E43D7}.Release|Any CPU.Build.0 = Release|Any CPU
		{CD8E53D2-B177-494B-AE08-1CEEF98E43D7}.Release|x64.ActiveCfg = Release|Any CPU
		{CD8E53D2-B177-494B-AE08-1CEEF98E43D7}.Release|x86.ActiveCfg = Release|Any CPU
		{B96E5C62-085D-4CB6-A2FB-0EA0682D1384}.Debug|Any CPU.ActiveCfg = Debug|Any CPU
		{B96E5C62-085D-4CB6-A2FB-0EA0682D1384}.Debug|Any CPU.Build.0 = Debug|Any CPU
		{B96E5C62-085D-4CB6-A2FB-0EA0682D1384}.Debug|x64.ActiveCfg = Debug|Any CPU
		{B96E5C62-085D-4CB6-A2FB-0EA0682D1384}.Debug|x86.ActiveCfg = Debug|Any CPU
		{B96E5C62-085D-4CB6-A2FB-0EA0682D1384}.Release|Any CPU.ActiveCfg = Release|Any CPU
		{B96E5C62-085D-4CB6-A2FB-0EA0682D1384}.Release|Any CPU.Build.0 = Release|Any CPU
		{B96E5C62-085D-4CB6-A2FB-0EA0682D1384}.Release|x64.ActiveCfg = Release|Any CPU
		{B96E5C62-085D-4CB6-A2FB-0EA0682D1384}.Release|x86.ActiveCfg = Release|Any CPU
		{89AFB962-08FA-40E9-86B0-6E42F4AA91E4}.Debug|Any CPU.ActiveCfg = Debug|Any CPU
		{89AFB962-08FA-40E9-86B0-6E42F4AA91E4}.Debug|Any CPU.Build.0 = Debug|Any CPU
		{89AFB962-08FA-40E9-86B0-6E42F4AA91E4}.Debug|x64.ActiveCfg = Debug|Any CPU
		{89AFB962-08FA-40E9-86B0-6E42F4AA91E4}.Debug|x64.Build.0 = Debug|Any CPU
		{89AFB962-08FA-40E9-86B0-6E42F4AA91E4}.Debug|x86.ActiveCfg = Debug|Any CPU
		{89AFB962-08FA-40E9-86B0-6E42F4AA91E4}.Debug|x86.Build.0 = Debug|Any CPU
		{89AFB962-08FA-40E9-86B0-6E42F4AA91E4}.Release|Any CPU.ActiveCfg = Release|Any CPU
		{89AFB962-08FA-40E9-86B0-6E42F4AA91E4}.Release|Any CPU.Build.0 = Release|Any CPU
		{89AFB962-08FA-40E9-86B0-6E42F4AA91E4}.Release|x64.ActiveCfg = Release|Any CPU
		{89AFB962-08FA-40E9-86B0-6E42F4AA91E4}.Release|x64.Build.0 = Release|Any CPU
		{89AFB962-08FA-40E9-86B0-6E42F4AA91E4}.Release|x86.ActiveCfg = Release|Any CPU
		{89AFB962-08FA-40E9-86B0-6E42F4AA91E4}.Release|x86.Build.0 = Release|Any CPU
	EndGlobalSection
	GlobalSection(SolutionProperties) = preSolution
		HideSolutionNode = FALSE
	EndGlobalSection
	GlobalSection(NestedProjects) = preSolution
		{8A96CFB8-5FCE-4159-9117-F55F7FBD6BFC} = {3A2EB67F-B9D3-4533-B495-7A5A3A7E44C6}
		{34C38DF7-611F-4606-9DD1-6FA241AB65C1} = {3A2EB67F-B9D3-4533-B495-7A5A3A7E44C6}
		{C74790D7-6458-48F2-AAF9-1B3EEDBD3858} = {3A2EB67F-B9D3-4533-B495-7A5A3A7E44C6}
		{41BC2E7C-BF79-4CC2-97F4-C37E40D2E8AB} = {0BEF7C40-1DA7-4E04-8788-C06EC45060A0}
		{84AEE4CB-07BA-46E8-A0B5-A364FB19C734} = {0BEF7C40-1DA7-4E04-8788-C06EC45060A0}
		{CD8E53D2-B177-494B-AE08-1CEEF98E43D7} = {0BEF7C40-1DA7-4E04-8788-C06EC45060A0}
		{B96E5C62-085D-4CB6-A2FB-0EA0682D1384} = {0BEF7C40-1DA7-4E04-8788-C06EC45060A0}
		{89AFB962-08FA-40E9-86B0-6E42F4AA91E4} = {0BEF7C40-1DA7-4E04-8788-C06EC45060A0}
	EndGlobalSection
	GlobalSection(ExtensibilityGlobals) = postSolution
		SolutionGuid = {E60746C5-18FA-4A4D-A75D-CF20F9F4E381}
	EndGlobalSection
EndGlobal
